
Microsoft Visual Studio Solution File, Format Version 12.00
# Visual Studio 2013
VisualStudioVersion = 12.0.40629.0
MinimumVisualStudioVersion = 10.0.40219.1
Project("{FAE04EC0-301F-11D3-BF4B-00C04F79EFBC}") = "CollectingProductionDataSystem.Models", "CollectingProductionDataSystem.Models\CollectingProductionDataSystem.Models.csproj", "{63CC73A0-F2C2-453D-A915-1913095F22FD}"
EndProject
Project("{FAE04EC0-301F-11D3-BF4B-00C04F79EFBC}") = "CollectingProductionDataSystem.Data", "CollectingProductionDataSystem.Data\CollectingProductionDataSystem.Data.csproj", "{59CA4923-FD5F-4087-A7EE-5623F1DD8CA9}"
EndProject
Project("{F184B08F-C81C-45F6-A57F-5ABD9991F28F}") = "CollectingProductionDataSystem.Phd2SqlInventory", "CollectingProductionDataSystem.Phd2SqlInventory\CollectingProductionDataSystem.Phd2SqlInventory.vbproj", "{BBB52FEA-1ADD-4BBE-A153-08133B03E9CD}"
EndProject
Project("{F184B08F-C81C-45F6-A57F-5ABD9991F28F}") = "CollectingProductionDataSystem.UniformanceDataAccess", "CollectingProductionDataSystem.UniformanceDataAccess\CollectingProductionDataSystem.UniformanceDataAccess.vbproj", "{879AE334-4365-4ADF-A551-C9EE1D9A3FF5}"
EndProject
Project("{FAE04EC0-301F-11D3-BF4B-00C04F79EFBC}") = "CollectingProductionDataSystem.Web", "CollectingProductionDataSystem.Web\CollectingProductionDataSystem.Web.csproj", "{02A87621-8FFF-4462-AAD5-FC326F867802}"
EndProject
Project("{54435603-DBB4-11D2-8724-00A0C9A8B90C}") = "CollectingProductionDataSystem.Phd2SqlInventorySetup", "CollectingProductionDataSystem.Phd2SqlInventorySetup\CollectingProductionDataSystem.Phd2SqlInventorySetup.vdproj", "{BDB72C8C-19CE-424C-BB7A-BFC738539E2A}"
EndProject
Project("{FAE04EC0-301F-11D3-BF4B-00C04F79EFBC}") = "CollectingProductionDataSystem.Infrastructure", "CollectingProductionDataSystem.Infrastructure\CollectingProductionDataSystem.Infrastructure.csproj", "{69DEBDE6-B1BA-4A55-9570-AE7E6ABB5F98}"
EndProject
Project("{FAE04EC0-301F-11D3-BF4B-00C04F79EFBC}") = "CollectingProductionDataSystem.Phd2SqlProductionData", "CollectingProductionDataSystem.Phd2SqlProductionData\CollectingProductionDataSystem.Phd2SqlProductionData.csproj", "{D75C3866-4ECF-45B8-8DB5-F5DA019A45AB}"
EndProject
Project("{2150E333-8FDC-42A3-9474-1A3956D46DE8}") = "Common", "Common", "{FB80A9DF-FEA9-4BF6-9B55-8FBF333CCA49}"
EndProject
Project("{54435603-DBB4-11D2-8724-00A0C9A8B90C}") = "CollectingProductionDataSystem.Phd2SqlProductionDataSetup", "CollectingProductionDataSystem.Phd2SqlProductionDataSetup\CollectingProductionDataSystem.Phd2SqlProductionDataSetup.vdproj", "{44BF95CF-2DAE-447A-9FCE-E1635A4D8313}"
EndProject
Project("{2150E333-8FDC-42A3-9474-1A3956D46DE8}") = "DataAccessLayer", "DataAccessLayer", "{9C29295F-67AC-48AB-9425-A164A548A4CE}"
EndProject
Project("{FAE04EC0-301F-11D3-BF4B-00C04F79EFBC}") = "CollectingProductionDataSystem.Contracts", "CollectingProductionDataSystem.Contracts\CollectingProductionDataSystem.Contracts.csproj", "{8DD67ABB-5BFB-4A28-82DF-7BFE8CA483A6}"
EndProject
Project("{2150E333-8FDC-42A3-9474-1A3956D46DE8}") = "Constants", "Constants", "{F7B47FB6-5A71-4C77-B1E0-EE1CD8005EFF}"
EndProject
Project("{FAE04EC0-301F-11D3-BF4B-00C04F79EFBC}") = "CollectingProductionDataSystem.Constants", "CollectingProductionDataSystem.Constants\CollectingProductionDataSystem.Constants.csproj", "{21B90CC4-73CC-4C1A-A2E3-FB6C7278BEB9}"
EndProject
Project("{2150E333-8FDC-42A3-9474-1A3956D46DE8}") = "Domain", "Domain", "{3CC215AD-EE55-47C7-A43C-992B3F0C84A8}"
EndProject
Project("{FAE04EC0-301F-11D3-BF4B-00C04F79EFBC}") = "CollectingProductionDataSystem.Application", "CollectingProductionDataSystem.Application\CollectingProductionDataSystem.Application.csproj", "{3A125DE9-28B9-4004-A1D9-BEBDE62AC786}"
EndProject
Project("{2150E333-8FDC-42A3-9474-1A3956D46DE8}") = "Web", "Web", "{14C4B4E0-9FEB-41DA-A347-43D99AB407BD}"
EndProject
Project("{2150E333-8FDC-42A3-9474-1A3956D46DE8}") = "WidowsServices", "WidowsServices", "{43D6A01F-7526-42F9-A34E-D060EAB9CBDB}"
EndProject
Project("{FAE04EC0-301F-11D3-BF4B-00C04F79EFBC}") = "CollectingProductionDataSystem.Utility", "CollectingProductionDataSystem.Utility\CollectingProductionDataSystem.Utility.csproj", "{FCBFCFB0-4E3F-47C2-A1F7-40196F606E33}"
EndProject
Project("{2150E333-8FDC-42A3-9474-1A3956D46DE8}") = "ExtarnalLibraries", "ExtarnalLibraries", "{531AE365-A584-4724-94B8-926C7BA3189A}"
EndProject
Project("{2150E333-8FDC-42A3-9474-1A3956D46DE8}") = "Uniformance", "Uniformance", "{9D1D8F40-FA10-4DB6-9D9A-FB1719F283B3}"
	ProjectSection(SolutionItems) = preProject
		ExtarnalLibraries\Uniformance\phdapinet.dll = ExtarnalLibraries\Uniformance\phdapinet.dll
	EndProjectSection
EndProject
Project("{2150E333-8FDC-42A3-9474-1A3956D46DE8}") = "Telerik", "Telerik", "{4FDDB73E-113D-4F91-8F87-F8BB5FC92115}"
EndProject
Global
	GlobalSection(SolutionConfigurationPlatforms) = preSolution
		Debug|Any CPU = Debug|Any CPU
		Debug|x64 = Debug|x64
		Debug|x86 = Debug|x86
		Release|Any CPU = Release|Any CPU
		Release|x64 = Release|x64
		Release|x86 = Release|x86
	EndGlobalSection
	GlobalSection(ProjectConfigurationPlatforms) = postSolution
		{63CC73A0-F2C2-453D-A915-1913095F22FD}.Debug|Any CPU.ActiveCfg = Debug|Any CPU
		{63CC73A0-F2C2-453D-A915-1913095F22FD}.Debug|Any CPU.Build.0 = Debug|Any CPU
		{63CC73A0-F2C2-453D-A915-1913095F22FD}.Debug|x64.ActiveCfg = Debug|Any CPU
		{63CC73A0-F2C2-453D-A915-1913095F22FD}.Debug|x86.ActiveCfg = Debug|Any CPU
		{63CC73A0-F2C2-453D-A915-1913095F22FD}.Release|Any CPU.ActiveCfg = Release|Any CPU
		{63CC73A0-F2C2-453D-A915-1913095F22FD}.Release|Any CPU.Build.0 = Release|Any CPU
		{63CC73A0-F2C2-453D-A915-1913095F22FD}.Release|x64.ActiveCfg = Release|Any CPU
		{63CC73A0-F2C2-453D-A915-1913095F22FD}.Release|x86.ActiveCfg = Release|Any CPU
		{59CA4923-FD5F-4087-A7EE-5623F1DD8CA9}.Debug|Any CPU.ActiveCfg = Debug|Any CPU
		{59CA4923-FD5F-4087-A7EE-5623F1DD8CA9}.Debug|Any CPU.Build.0 = Debug|Any CPU
		{59CA4923-FD5F-4087-A7EE-5623F1DD8CA9}.Debug|x64.ActiveCfg = Debug|Any CPU
		{59CA4923-FD5F-4087-A7EE-5623F1DD8CA9}.Debug|x86.ActiveCfg = Debug|Any CPU
		{59CA4923-FD5F-4087-A7EE-5623F1DD8CA9}.Release|Any CPU.ActiveCfg = Release|Any CPU
		{59CA4923-FD5F-4087-A7EE-5623F1DD8CA9}.Release|Any CPU.Build.0 = Release|Any CPU
		{59CA4923-FD5F-4087-A7EE-5623F1DD8CA9}.Release|x64.ActiveCfg = Release|Any CPU
		{59CA4923-FD5F-4087-A7EE-5623F1DD8CA9}.Release|x86.ActiveCfg = Release|Any CPU
		{BBB52FEA-1ADD-4BBE-A153-08133B03E9CD}.Debug|Any CPU.ActiveCfg = Debug|Any CPU
		{BBB52FEA-1ADD-4BBE-A153-08133B03E9CD}.Debug|Any CPU.Build.0 = Debug|Any CPU
		{BBB52FEA-1ADD-4BBE-A153-08133B03E9CD}.Debug|x64.ActiveCfg = Debug|x64
		{BBB52FEA-1ADD-4BBE-A153-08133B03E9CD}.Debug|x64.Build.0 = Debug|x64
		{BBB52FEA-1ADD-4BBE-A153-08133B03E9CD}.Debug|x86.ActiveCfg = Debug|x86
		{BBB52FEA-1ADD-4BBE-A153-08133B03E9CD}.Debug|x86.Build.0 = Debug|x86
		{BBB52FEA-1ADD-4BBE-A153-08133B03E9CD}.Release|Any CPU.ActiveCfg = Release|Any CPU
		{BBB52FEA-1ADD-4BBE-A153-08133B03E9CD}.Release|Any CPU.Build.0 = Release|Any CPU
		{BBB52FEA-1ADD-4BBE-A153-08133B03E9CD}.Release|x64.ActiveCfg = Release|x64
		{BBB52FEA-1ADD-4BBE-A153-08133B03E9CD}.Release|x64.Build.0 = Release|x64
		{BBB52FEA-1ADD-4BBE-A153-08133B03E9CD}.Release|x86.ActiveCfg = Release|x86
		{BBB52FEA-1ADD-4BBE-A153-08133B03E9CD}.Release|x86.Build.0 = Release|x86
		{879AE334-4365-4ADF-A551-C9EE1D9A3FF5}.Debug|Any CPU.ActiveCfg = Debug|Any CPU
		{879AE334-4365-4ADF-A551-C9EE1D9A3FF5}.Debug|Any CPU.Build.0 = Debug|Any CPU
		{879AE334-4365-4ADF-A551-C9EE1D9A3FF5}.Debug|x64.ActiveCfg = Debug|x64
		{879AE334-4365-4ADF-A551-C9EE1D9A3FF5}.Debug|x64.Build.0 = Debug|x64
		{879AE334-4365-4ADF-A551-C9EE1D9A3FF5}.Debug|x86.ActiveCfg = Debug|x86
		{879AE334-4365-4ADF-A551-C9EE1D9A3FF5}.Debug|x86.Build.0 = Debug|x86
		{879AE334-4365-4ADF-A551-C9EE1D9A3FF5}.Release|Any CPU.ActiveCfg = Release|Any CPU
		{879AE334-4365-4ADF-A551-C9EE1D9A3FF5}.Release|Any CPU.Build.0 = Release|Any CPU
		{879AE334-4365-4ADF-A551-C9EE1D9A3FF5}.Release|x64.ActiveCfg = Release|x64
		{879AE334-4365-4ADF-A551-C9EE1D9A3FF5}.Release|x64.Build.0 = Release|x64
		{879AE334-4365-4ADF-A551-C9EE1D9A3FF5}.Release|x86.ActiveCfg = Release|x86
		{879AE334-4365-4ADF-A551-C9EE1D9A3FF5}.Release|x86.Build.0 = Release|x86
		{02A87621-8FFF-4462-AAD5-FC326F867802}.Debug|Any CPU.ActiveCfg = Debug|Any CPU
		{02A87621-8FFF-4462-AAD5-FC326F867802}.Debug|Any CPU.Build.0 = Debug|Any CPU
		{02A87621-8FFF-4462-AAD5-FC326F867802}.Debug|x64.ActiveCfg = Debug|Any CPU
		{02A87621-8FFF-4462-AAD5-FC326F867802}.Debug|x86.ActiveCfg = Debug|Any CPU
		{02A87621-8FFF-4462-AAD5-FC326F867802}.Release|Any CPU.ActiveCfg = Release|Any CPU
		{02A87621-8FFF-4462-AAD5-FC326F867802}.Release|Any CPU.Build.0 = Release|Any CPU
		{02A87621-8FFF-4462-AAD5-FC326F867802}.Release|x64.ActiveCfg = Release|Any CPU
		{02A87621-8FFF-4462-AAD5-FC326F867802}.Release|x86.ActiveCfg = Release|Any CPU
		{BDB72C8C-19CE-424C-BB7A-BFC738539E2A}.Debug|Any CPU.ActiveCfg = Debug
		{BDB72C8C-19CE-424C-BB7A-BFC738539E2A}.Debug|x64.ActiveCfg = Debug
		{BDB72C8C-19CE-424C-BB7A-BFC738539E2A}.Debug|x86.ActiveCfg = Debug
		{BDB72C8C-19CE-424C-BB7A-BFC738539E2A}.Release|Any CPU.ActiveCfg = Release
		{BDB72C8C-19CE-424C-BB7A-BFC738539E2A}.Release|x64.ActiveCfg = Release
		{BDB72C8C-19CE-424C-BB7A-BFC738539E2A}.Release|x86.ActiveCfg = Release
		{69DEBDE6-B1BA-4A55-9570-AE7E6ABB5F98}.Debug|Any CPU.ActiveCfg = Debug|Any CPU
		{69DEBDE6-B1BA-4A55-9570-AE7E6ABB5F98}.Debug|Any CPU.Build.0 = Debug|Any CPU
		{69DEBDE6-B1BA-4A55-9570-AE7E6ABB5F98}.Debug|x64.ActiveCfg = Debug|Any CPU
		{69DEBDE6-B1BA-4A55-9570-AE7E6ABB5F98}.Debug|x86.ActiveCfg = Debug|Any CPU
		{69DEBDE6-B1BA-4A55-9570-AE7E6ABB5F98}.Release|Any CPU.ActiveCfg = Release|Any CPU
		{69DEBDE6-B1BA-4A55-9570-AE7E6ABB5F98}.Release|Any CPU.Build.0 = Release|Any CPU
		{69DEBDE6-B1BA-4A55-9570-AE7E6ABB5F98}.Release|x64.ActiveCfg = Release|Any CPU
		{69DEBDE6-B1BA-4A55-9570-AE7E6ABB5F98}.Release|x86.ActiveCfg = Release|Any CPU
		{D75C3866-4ECF-45B8-8DB5-F5DA019A45AB}.Debug|Any CPU.ActiveCfg = Debug|Any CPU
		{D75C3866-4ECF-45B8-8DB5-F5DA019A45AB}.Debug|Any CPU.Build.0 = Debug|Any CPU
		{D75C3866-4ECF-45B8-8DB5-F5DA019A45AB}.Debug|x64.ActiveCfg = Debug|Any CPU
		{D75C3866-4ECF-45B8-8DB5-F5DA019A45AB}.Debug|x86.ActiveCfg = Debug|Any CPU
		{D75C3866-4ECF-45B8-8DB5-F5DA019A45AB}.Release|Any CPU.ActiveCfg = Release|Any CPU
		{D75C3866-4ECF-45B8-8DB5-F5DA019A45AB}.Release|Any CPU.Build.0 = Release|Any CPU
		{D75C3866-4ECF-45B8-8DB5-F5DA019A45AB}.Release|x64.ActiveCfg = Release|Any CPU
		{D75C3866-4ECF-45B8-8DB5-F5DA019A45AB}.Release|x86.ActiveCfg = Release|Any CPU
		{44BF95CF-2DAE-447A-9FCE-E1635A4D8313}.Debug|Any CPU.ActiveCfg = Debug
		{44BF95CF-2DAE-447A-9FCE-E1635A4D8313}.Debug|x64.ActiveCfg = Debug
		{44BF95CF-2DAE-447A-9FCE-E1635A4D8313}.Debug|x86.ActiveCfg = Debug
		{44BF95CF-2DAE-447A-9FCE-E1635A4D8313}.Release|Any CPU.ActiveCfg = Release
		{44BF95CF-2DAE-447A-9FCE-E1635A4D8313}.Release|x64.ActiveCfg = Release
		{44BF95CF-2DAE-447A-9FCE-E1635A4D8313}.Release|x86.ActiveCfg = Release
		{8DD67ABB-5BFB-4A28-82DF-7BFE8CA483A6}.Debug|Any CPU.ActiveCfg = Debug|Any CPU
		{8DD67ABB-5BFB-4A28-82DF-7BFE8CA483A6}.Debug|Any CPU.Build.0 = Debug|Any CPU
		{8DD67ABB-5BFB-4A28-82DF-7BFE8CA483A6}.Debug|x64.ActiveCfg = Debug|Any CPU
		{8DD67ABB-5BFB-4A28-82DF-7BFE8CA483A6}.Debug|x86.ActiveCfg = Debug|Any CPU
		{8DD67ABB-5BFB-4A28-82DF-7BFE8CA483A6}.Release|Any CPU.ActiveCfg = Release|Any CPU
		{8DD67ABB-5BFB-4A28-82DF-7BFE8CA483A6}.Release|Any CPU.Build.0 = Release|Any CPU
		{8DD67ABB-5BFB-4A28-82DF-7BFE8CA483A6}.Release|x64.ActiveCfg = Release|Any CPU
		{8DD67ABB-5BFB-4A28-82DF-7BFE8CA483A6}.Release|x86.ActiveCfg = Release|Any CPU
		{21B90CC4-73CC-4C1A-A2E3-FB6C7278BEB9}.Debug|Any CPU.ActiveCfg = Debug|Any CPU
		{21B90CC4-73CC-4C1A-A2E3-FB6C7278BEB9}.Debug|Any CPU.Build.0 = Debug|Any CPU
		{21B90CC4-73CC-4C1A-A2E3-FB6C7278BEB9}.Debug|x64.ActiveCfg = Debug|Any CPU
		{21B90CC4-73CC-4C1A-A2E3-FB6C7278BEB9}.Debug|x86.ActiveCfg = Debug|Any CPU
		{21B90CC4-73CC-4C1A-A2E3-FB6C7278BEB9}.Release|Any CPU.ActiveCfg = Release|Any CPU
		{21B90CC4-73CC-4C1A-A2E3-FB6C7278BEB9}.Release|Any CPU.Build.0 = Release|Any CPU
		{21B90CC4-73CC-4C1A-A2E3-FB6C7278BEB9}.Release|x64.ActiveCfg = Release|Any CPU
		{21B90CC4-73CC-4C1A-A2E3-FB6C7278BEB9}.Release|x86.ActiveCfg = Release|Any CPU
		{3A125DE9-28B9-4004-A1D9-BEBDE62AC786}.Debug|Any CPU.ActiveCfg = Debug|Any CPU
		{3A125DE9-28B9-4004-A1D9-BEBDE62AC786}.Debug|Any CPU.Build.0 = Debug|Any CPU
		{3A125DE9-28B9-4004-A1D9-BEBDE62AC786}.Debug|x64.ActiveCfg = Debug|Any CPU
		{3A125DE9-28B9-4004-A1D9-BEBDE62AC786}.Debug|x86.ActiveCfg = Debug|Any CPU
		{3A125DE9-28B9-4004-A1D9-BEBDE62AC786}.Release|Any CPU.ActiveCfg = Release|Any CPU
		{3A125DE9-28B9-4004-A1D9-BEBDE62AC786}.Release|Any CPU.Build.0 = Release|Any CPU
		{3A125DE9-28B9-4004-A1D9-BEBDE62AC786}.Release|x64.ActiveCfg = Release|Any CPU
		{3A125DE9-28B9-4004-A1D9-BEBDE62AC786}.Release|x86.ActiveCfg = Release|Any CPU
		{FCBFCFB0-4E3F-47C2-A1F7-40196F606E33}.Debug|Any CPU.ActiveCfg = Debug|Any CPU
		{FCBFCFB0-4E3F-47C2-A1F7-40196F606E33}.Debug|Any CPU.Build.0 = Debug|Any CPU
		{FCBFCFB0-4E3F-47C2-A1F7-40196F606E33}.Debug|x64.ActiveCfg = Debug|Any CPU
		{FCBFCFB0-4E3F-47C2-A1F7-40196F606E33}.Debug|x86.ActiveCfg = Debug|Any CPU
		{FCBFCFB0-4E3F-47C2-A1F7-40196F606E33}.Release|Any CPU.ActiveCfg = Release|Any CPU
		{FCBFCFB0-4E3F-47C2-A1F7-40196F606E33}.Release|Any CPU.Build.0 = Release|Any CPU
		{FCBFCFB0-4E3F-47C2-A1F7-40196F606E33}.Release|x64.ActiveCfg = Release|Any CPU
		{FCBFCFB0-4E3F-47C2-A1F7-40196F606E33}.Release|x86.ActiveCfg = Release|Any CPU
	EndGlobalSection
	GlobalSection(SolutionProperties) = preSolution
		HideSolutionNode = FALSE
	EndGlobalSection
	GlobalSection(NestedProjects) = preSolution
		{63CC73A0-F2C2-453D-A915-1913095F22FD} = {3CC215AD-EE55-47C7-A43C-992B3F0C84A8}
		{59CA4923-FD5F-4087-A7EE-5623F1DD8CA9} = {9C29295F-67AC-48AB-9425-A164A548A4CE}
		{BBB52FEA-1ADD-4BBE-A153-08133B03E9CD} = {43D6A01F-7526-42F9-A34E-D060EAB9CBDB}
		{879AE334-4365-4ADF-A551-C9EE1D9A3FF5} = {43D6A01F-7526-42F9-A34E-D060EAB9CBDB}
		{02A87621-8FFF-4462-AAD5-FC326F867802} = {14C4B4E0-9FEB-41DA-A347-43D99AB407BD}
		{BDB72C8C-19CE-424C-BB7A-BFC738539E2A} = {43D6A01F-7526-42F9-A34E-D060EAB9CBDB}
		{69DEBDE6-B1BA-4A55-9570-AE7E6ABB5F98} = {FB80A9DF-FEA9-4BF6-9B55-8FBF333CCA49}
		{D75C3866-4ECF-45B8-8DB5-F5DA019A45AB} = {43D6A01F-7526-42F9-A34E-D060EAB9CBDB}
		{44BF95CF-2DAE-447A-9FCE-E1635A4D8313} = {43D6A01F-7526-42F9-A34E-D060EAB9CBDB}
		{8DD67ABB-5BFB-4A28-82DF-7BFE8CA483A6} = {FB80A9DF-FEA9-4BF6-9B55-8FBF333CCA49}
		{21B90CC4-73CC-4C1A-A2E3-FB6C7278BEB9} = {F7B47FB6-5A71-4C77-B1E0-EE1CD8005EFF}
		{3A125DE9-28B9-4004-A1D9-BEBDE62AC786} = {3CC215AD-EE55-47C7-A43C-992B3F0C84A8}
		{FCBFCFB0-4E3F-47C2-A1F7-40196F606E33} = {FB80A9DF-FEA9-4BF6-9B55-8FBF333CCA49}
		{9D1D8F40-FA10-4DB6-9D9A-FB1719F283B3} = {531AE365-A584-4724-94B8-926C7BA3189A}
		{4FDDB73E-113D-4F91-8F87-F8BB5FC92115} = {531AE365-A584-4724-94B8-926C7BA3189A}
	EndGlobalSection
EndGlobal
