
Microsoft Visual Studio Solution File, Format Version 12.00
# Visual Studio 2013
VisualStudioVersion = 12.0.31101.0
MinimumVisualStudioVersion = 10.0.40219.1
Project("{FAE04EC0-301F-11D3-BF4B-00C04F79EFBC}") = "CollectingProductionDataSystem.Models", "CollectingProductionDataSystem.Models\CollectingProductionDataSystem.Models.csproj", "{63CC73A0-F2C2-453D-A915-1913095F22FD}"
EndProject
Project("{FAE04EC0-301F-11D3-BF4B-00C04F79EFBC}") = "CollectingProductionDataSystem.Data", "CollectingProductionDataSystem.Data\CollectingProductionDataSystem.Data.csproj", "{59CA4923-FD5F-4087-A7EE-5623F1DD8CA9}"
EndProject
Project("{F184B08F-C81C-45F6-A57F-5ABD9991F28F}") = "CollectingProductionDataSystem.Phd2SqlInventory", "CollectingProductionDataSystem.Phd2SqlInventory\CollectingProductionDataSystem.Phd2SqlInventory.vbproj", "{BBB52FEA-1ADD-4BBE-A153-08133B03E9CD}"
EndProject
Project("{F184B08F-C81C-45F6-A57F-5ABD9991F28F}") = "CollectingProductionDataSystem.UniformanceDataAccess", "CollectingProductionDataSystem.UniformanceDataAccess\CollectingProductionDataSystem.UniformanceDataAccess.vbproj", "{879AE334-4365-4ADF-A551-C9EE1D9A3FF5}"
EndProject
Project("{FAE04EC0-301F-11D3-BF4B-00C04F79EFBC}") = "CollectingProductionDataSystem.Web", "CollectingProductionDataSystem.Web\CollectingProductionDataSystem.Web.csproj", "{02A87621-8FFF-4462-AAD5-FC326F867802}"
EndProject
Project("{54435603-DBB4-11D2-8724-00A0C9A8B90C}") = "CollectingProductionDataSystem.Phd2SqlInventorySetup", "CollectingProductionDataSystem.Phd2SqlInventorySetup\CollectingProductionDataSystem.Phd2SqlInventorySetup.vdproj", "{BDB72C8C-19CE-424C-BB7A-BFC738539E2A}"
EndProject
Project("{FAE04EC0-301F-11D3-BF4B-00C04F79EFBC}") = "CollectingProductionDataSystem.Common", "CollectingProductionDataSystem.Common\CollectingProductionDataSystem.Common.csproj", "{20B6989D-CF84-4F63-B576-02B2D8793B01}"
EndProject
Global
	GlobalSection(SolutionConfigurationPlatforms) = preSolution
		Debug|Any CPU = Debug|Any CPU
		Debug|x64 = Debug|x64
		Debug|x86 = Debug|x86
		Release|Any CPU = Release|Any CPU
		Release|x64 = Release|x64
		Release|x86 = Release|x86
	EndGlobalSection
	GlobalSection(ProjectConfigurationPlatforms) = postSolution
		{63CC73A0-F2C2-453D-A915-1913095F22FD}.Debug|Any CPU.ActiveCfg = Debug|Any CPU
		{63CC73A0-F2C2-453D-A915-1913095F22FD}.Debug|Any CPU.Build.0 = Debug|Any CPU
		{63CC73A0-F2C2-453D-A915-1913095F22FD}.Debug|x64.ActiveCfg = Debug|Any CPU
		{63CC73A0-F2C2-453D-A915-1913095F22FD}.Debug|x86.ActiveCfg = Debug|Any CPU
		{63CC73A0-F2C2-453D-A915-1913095F22FD}.Release|Any CPU.ActiveCfg = Release|Any CPU
		{63CC73A0-F2C2-453D-A915-1913095F22FD}.Release|Any CPU.Build.0 = Release|Any CPU
		{63CC73A0-F2C2-453D-A915-1913095F22FD}.Release|x64.ActiveCfg = Release|Any CPU
		{63CC73A0-F2C2-453D-A915-1913095F22FD}.Release|x86.ActiveCfg = Release|Any CPU
		{59CA4923-FD5F-4087-A7EE-5623F1DD8CA9}.Debug|Any CPU.ActiveCfg = Debug|Any CPU
		{59CA4923-FD5F-4087-A7EE-5623F1DD8CA9}.Debug|Any CPU.Build.0 = Debug|Any CPU
		{59CA4923-FD5F-4087-A7EE-5623F1DD8CA9}.Debug|x64.ActiveCfg = Debug|Any CPU
		{59CA4923-FD5F-4087-A7EE-5623F1DD8CA9}.Debug|x86.ActiveCfg = Debug|Any CPU
		{59CA4923-FD5F-4087-A7EE-5623F1DD8CA9}.Release|Any CPU.ActiveCfg = Release|Any CPU
		{59CA4923-FD5F-4087-A7EE-5623F1DD8CA9}.Release|Any CPU.Build.0 = Release|Any CPU
		{59CA4923-FD5F-4087-A7EE-5623F1DD8CA9}.Release|x64.ActiveCfg = Release|Any CPU
		{59CA4923-FD5F-4087-A7EE-5623F1DD8CA9}.Release|x86.ActiveCfg = Release|Any CPU
		{BBB52FEA-1ADD-4BBE-A153-08133B03E9CD}.Debug|Any CPU.ActiveCfg = Debug|Any CPU
		{BBB52FEA-1ADD-4BBE-A153-08133B03E9CD}.Debug|Any CPU.Build.0 = Debug|Any CPU
		{BBB52FEA-1ADD-4BBE-A153-08133B03E9CD}.Debug|x64.ActiveCfg = Debug|x64
		{BBB52FEA-1ADD-4BBE-A153-08133B03E9CD}.Debug|x64.Build.0 = Debug|x64
		{BBB52FEA-1ADD-4BBE-A153-08133B03E9CD}.Debug|x86.ActiveCfg = Debug|x86
		{BBB52FEA-1ADD-4BBE-A153-08133B03E9CD}.Debug|x86.Build.0 = Debug|x86
		{BBB52FEA-1ADD-4BBE-A153-08133B03E9CD}.Release|Any CPU.ActiveCfg = Release|Any CPU
		{BBB52FEA-1ADD-4BBE-A153-08133B03E9CD}.Release|Any CPU.Build.0 = Release|Any CPU
		{BBB52FEA-1ADD-4BBE-A153-08133B03E9CD}.Release|x64.ActiveCfg = Release|x64
		{BBB52FEA-1ADD-4BBE-A153-08133B03E9CD}.Release|x64.Build.0 = Release|x64
		{BBB52FEA-1ADD-4BBE-A153-08133B03E9CD}.Release|x86.ActiveCfg = Release|x86
		{BBB52FEA-1ADD-4BBE-A153-08133B03E9CD}.Release|x86.Build.0 = Release|x86
		{879AE334-4365-4ADF-A551-C9EE1D9A3FF5}.Debug|Any CPU.ActiveCfg = Debug|Any CPU
		{879AE334-4365-4ADF-A551-C9EE1D9A3FF5}.Debug|Any CPU.Build.0 = Debug|Any CPU
		{879AE334-4365-4ADF-A551-C9EE1D9A3FF5}.Debug|x64.ActiveCfg = Debug|x64
		{879AE334-4365-4ADF-A551-C9EE1D9A3FF5}.Debug|x64.Build.0 = Debug|x64
		{879AE334-4365-4ADF-A551-C9EE1D9A3FF5}.Debug|x86.ActiveCfg = Debug|x86
		{879AE334-4365-4ADF-A551-C9EE1D9A3FF5}.Debug|x86.Build.0 = Debug|x86
		{879AE334-4365-4ADF-A551-C9EE1D9A3FF5}.Release|Any CPU.ActiveCfg = Release|Any CPU
		{879AE334-4365-4ADF-A551-C9EE1D9A3FF5}.Release|Any CPU.Build.0 = Release|Any CPU
		{879AE334-4365-4ADF-A551-C9EE1D9A3FF5}.Release|x64.ActiveCfg = Release|x64
		{879AE334-4365-4ADF-A551-C9EE1D9A3FF5}.Release|x64.Build.0 = Release|x64
		{879AE334-4365-4ADF-A551-C9EE1D9A3FF5}.Release|x86.ActiveCfg = Release|x86
		{879AE334-4365-4ADF-A551-C9EE1D9A3FF5}.Release|x86.Build.0 = Release|x86
		{02A87621-8FFF-4462-AAD5-FC326F867802}.Debug|Any CPU.ActiveCfg = Debug|Any CPU
		{02A87621-8FFF-4462-AAD5-FC326F867802}.Debug|Any CPU.Build.0 = Debug|Any CPU
		{02A87621-8FFF-4462-AAD5-FC326F867802}.Debug|x64.ActiveCfg = Debug|Any CPU
		{02A87621-8FFF-4462-AAD5-FC326F867802}.Debug|x86.ActiveCfg = Debug|Any CPU
		{02A87621-8FFF-4462-AAD5-FC326F867802}.Release|Any CPU.ActiveCfg = Release|Any CPU
		{02A87621-8FFF-4462-AAD5-FC326F867802}.Release|Any CPU.Build.0 = Release|Any CPU
		{02A87621-8FFF-4462-AAD5-FC326F867802}.Release|x64.ActiveCfg = Release|Any CPU
		{02A87621-8FFF-4462-AAD5-FC326F867802}.Release|x86.ActiveCfg = Release|Any CPU
		{BDB72C8C-19CE-424C-BB7A-BFC738539E2A}.Debug|Any CPU.ActiveCfg = Debug
		{BDB72C8C-19CE-424C-BB7A-BFC738539E2A}.Debug|x64.ActiveCfg = Debug
		{BDB72C8C-19CE-424C-BB7A-BFC738539E2A}.Debug|x86.ActiveCfg = Debug
		{BDB72C8C-19CE-424C-BB7A-BFC738539E2A}.Release|Any CPU.ActiveCfg = Release
		{BDB72C8C-19CE-424C-BB7A-BFC738539E2A}.Release|x64.ActiveCfg = Release
		{BDB72C8C-19CE-424C-BB7A-BFC738539E2A}.Release|x86.ActiveCfg = Release
		{20B6989D-CF84-4F63-B576-02B2D8793B01}.Debug|Any CPU.ActiveCfg = Debug|Any CPU
		{20B6989D-CF84-4F63-B576-02B2D8793B01}.Debug|Any CPU.Build.0 = Debug|Any CPU
		{20B6989D-CF84-4F63-B576-02B2D8793B01}.Debug|x64.ActiveCfg = Debug|Any CPU
		{20B6989D-CF84-4F63-B576-02B2D8793B01}.Debug|x86.ActiveCfg = Debug|Any CPU
		{20B6989D-CF84-4F63-B576-02B2D8793B01}.Release|Any CPU.ActiveCfg = Release|Any CPU
		{20B6989D-CF84-4F63-B576-02B2D8793B01}.Release|Any CPU.Build.0 = Release|Any CPU
		{20B6989D-CF84-4F63-B576-02B2D8793B01}.Release|x64.ActiveCfg = Release|Any CPU
		{20B6989D-CF84-4F63-B576-02B2D8793B01}.Release|x86.ActiveCfg = Release|Any CPU
	EndGlobalSection
	GlobalSection(SolutionProperties) = preSolution
		HideSolutionNode = FALSE
	EndGlobalSection
EndGlobal
