
Microsoft Visual Studio Solution File, Format Version 14.00
# Visual Studio 2015
VisualStudioVersion = 14.0.25123.00
MinimumVisualStudioVersion = 10.0.40219.1
Project("{2150E333-8FDC-42A3-9474-1A3956D46DE8}") = "Common", "Common", "{FB80A9DF-FEA9-4BF6-9B55-8FBF333CCA49}"
EndProject
Project("{2150E333-8FDC-42A3-9474-1A3956D46DE8}") = "DataAccessLayer", "DataAccessLayer", "{9C29295F-67AC-48AB-9425-A164A548A4CE}"
EndProject
Project("{2150E333-8FDC-42A3-9474-1A3956D46DE8}") = "Constants", "Constants", "{F7B47FB6-5A71-4C77-B1E0-EE1CD8005EFF}"
EndProject
Project("{2150E333-8FDC-42A3-9474-1A3956D46DE8}") = "Domain", "Domain", "{3CC215AD-EE55-47C7-A43C-992B3F0C84A8}"
EndProject
Project("{2150E333-8FDC-42A3-9474-1A3956D46DE8}") = "Web", "Web", "{14C4B4E0-9FEB-41DA-A347-43D99AB407BD}"
EndProject
Project("{2150E333-8FDC-42A3-9474-1A3956D46DE8}") = "WidowsServices", "WidowsServices", "{43D6A01F-7526-42F9-A34E-D060EAB9CBDB}"
EndProject
Project("{2150E333-8FDC-42A3-9474-1A3956D46DE8}") = "ExternalLibraries", "ExternalLibraries", "{531AE365-A584-4724-94B8-926C7BA3189A}"
EndProject
Project("{2150E333-8FDC-42A3-9474-1A3956D46DE8}") = "Uniformance", "Uniformance", "{9D1D8F40-FA10-4DB6-9D9A-FB1719F283B3}"
	ProjectSection(SolutionItems) = preProject
		ExternalLibraries\Uniformance\phdapinet.dll = ExternalLibraries\Uniformance\phdapinet.dll
	EndProjectSection
EndProject
Project("{2150E333-8FDC-42A3-9474-1A3956D46DE8}") = "Telerik", "Telerik", "{4FDDB73E-113D-4F91-8F87-F8BB5FC92115}"
	ProjectSection(SolutionItems) = preProject
		ExternalLibraries\Kendo\Kendo.Mvc.dll = ExternalLibraries\Kendo\Kendo.Mvc.dll
		ExternalLibraries\Kendo\bg-BG\Kendo.Mvc.resources.dll = ExternalLibraries\Kendo\bg-BG\Kendo.Mvc.resources.dll
	EndProjectSection
EndProject
Project("{2150E333-8FDC-42A3-9474-1A3956D46DE8}") = "Application", "Application", "{1BA91924-D5E6-467D-8DB6-584D54F00F4F}"
EndProject
Project("{FAE04EC0-301F-11D3-BF4B-00C04F79EFBC}") = "CollectingProductionDataSystem.Enumerations", "Common\CollectingProductionDataSystem.Enumerations\CollectingProductionDataSystem.Enumerations.csproj", "{D39275E1-1997-41C3-99CC-FF1B7502E93F}"
EndProject
Project("{FAE04EC0-301F-11D3-BF4B-00C04F79EFBC}") = "CollectingProductionDataSystem.Infrastructure", "Common\CollectingProductionDataSystem.Infrastructure\CollectingProductionDataSystem.Infrastructure.csproj", "{69DEBDE6-B1BA-4A55-9570-AE7E6ABB5F98}"
EndProject
Project("{FAE04EC0-301F-11D3-BF4B-00C04F79EFBC}") = "CollectingProductionDataSystem.Application", "Application\CollectingProductionDataSystem.Application\CollectingProductionDataSystem.Application.csproj", "{3A125DE9-28B9-4004-A1D9-BEBDE62AC786}"
EndProject
Project("{FAE04EC0-301F-11D3-BF4B-00C04F79EFBC}") = "CollectingProductionDataSystem.Constants", "Constants\CollectingProductionDataSystem.Constants\CollectingProductionDataSystem.Constants.csproj", "{21B90CC4-73CC-4C1A-A2E3-FB6C7278BEB9}"
EndProject
Project("{FAE04EC0-301F-11D3-BF4B-00C04F79EFBC}") = "CollectingProductionDataSystem.Data", "DataAccessLayer\CollectingProductionDataSystem.Data\CollectingProductionDataSystem.Data.csproj", "{59CA4923-FD5F-4087-A7EE-5623F1DD8CA9}"
EndProject
Project("{FAE04EC0-301F-11D3-BF4B-00C04F79EFBC}") = "CollectingProductionDataSystem.Data.Tests", "DataAccessLayer\CollectingProductionDataSystem.Data.Tests\CollectingProductionDataSystem.Data.Tests.csproj", "{22A29AA7-68FB-4C1E-BB56-4F030133F008}"
EndProject
Project("{FAE04EC0-301F-11D3-BF4B-00C04F79EFBC}") = "CollectingProductionDataSystem.Models", "Domain\CollectingProductionDataSystem.Models\CollectingProductionDataSystem.Models.csproj", "{63CC73A0-F2C2-453D-A915-1913095F22FD}"
EndProject
Project("{FAE04EC0-301F-11D3-BF4B-00C04F79EFBC}") = "CollectingProductionDataSystem.Models.Tests", "Domain\CollectingProductionDataSystem.Models.Tests\CollectingProductionDataSystem.Models.Tests.csproj", "{662E6167-7EAE-4C38-8825-B2A9091054BB}"
EndProject
Project("{FAE04EC0-301F-11D3-BF4B-00C04F79EFBC}") = "CollectingProductionDataSystem.Phd2SqlProductionData", "WidowsServices\CollectingProductionDataSystem.Phd2SqlProductionData\CollectingProductionDataSystem.Phd2SqlProductionData.csproj", "{D75C3866-4ECF-45B8-8DB5-F5DA019A45AB}"
EndProject
Project("{54435603-DBB4-11D2-8724-00A0C9A8B90C}") = "CollectingProductionDataSystem.Phd2SqlProductionDataSetup", "WidowsServices\CollectingProductionDataSystem.Phd2SqlProductionDataSetup\CollectingProductionDataSystem.Phd2SqlProductionDataSetup.vdproj", "{C4EDD3FF-1C12-48F0-B56D-E828FE273B77}"
EndProject
Project("{FAE04EC0-301F-11D3-BF4B-00C04F79EFBC}") = "CollectingProductionDataSystem.Web", "Web\CollectingProductionDataSystem.Web\CollectingProductionDataSystem.Web.csproj", "{5B247F7F-E5B4-4D0D-8652-8132C4B83C1D}"
EndProject
Project("{FAE04EC0-301F-11D3-BF4B-00C04F79EFBC}") = "CollectingProductionDataSystem.Validators", "Domain\CollectingProductionDataSystem.Validators\CollectingProductionDataSystem.Validators.csproj", "{F49ABBD3-6F28-48C6-BF11-2852E4E5E9A2}"
EndProject
Project("{FAE04EC0-301F-11D3-BF4B-00C04F79EFBC}") = "CollectingProductionDataSystem.Web.Tests", "CollectingProductionDataSystem.Web.Tests\CollectingProductionDataSystem.Web.Tests.csproj", "{22CAF7D1-AD04-4204-B7B9-5D7719ED7AF7}"
EndProject
Project("{FAE04EC0-301F-11D3-BF4B-00C04F79EFBC}") = "CollectingProductionDataSystem.MathExpressions", "Application\CollectingProductionDataSystem.MathExpressions\CollectingProductionDataSystem.MathExpressions.csproj", "{34672323-163B-48F2-9425-B4B55B33D144}"
EndProject
Project("{FAE04EC0-301F-11D3-BF4B-00C04F79EFBC}") = "CollectingProductionDataSystem.ConsoleClient", "CollectingProductionDataSystem.ConsoleClient\CollectingProductionDataSystem.ConsoleClient.csproj", "{A3FAF9D3-62E5-4BA1-8125-74FD8259BDA9}"
EndProject
Project("{FAE04EC0-301F-11D3-BF4B-00C04F79EFBC}") = "CollectingProductionDataSystem.MathExpr.Test", "CollectingProductionDataSystem.MathExpr.Test\CollectingProductionDataSystem.MathExpr.Test.csproj", "{0E37C443-88FA-4BC2-AF40-9A4EFADAAF82}"
EndProject
Project("{FAE04EC0-301F-11D3-BF4B-00C04F79EFBC}") = "CollectingProductionDataSystem.GetTransactions", "CollectingProductionDataSystem.GetTransactions\CollectingProductionDataSystem.GetTransactions.csproj", "{5CB94FCF-2E20-4146-B28A-B1AE032C177D}"
EndProject
Project("{54435603-DBB4-11D2-8724-00A0C9A8B90C}") = "CollectingProductionDataSystem.GetTSetup", "CollectingProductionDataSystem.GetTSetup\CollectingProductionDataSystem.GetTSetup.vdproj", "{E567F2E2-358E-4251-B3DE-657D7F6F23AE}"
EndProject
Project("{FAE04EC0-301F-11D3-BF4B-00C04F79EFBC}") = "CollectingProductionDataSystem.ConsoleTester", "CollectingProductionDataSystem.ConsoleTester\CollectingProductionDataSystem.ConsoleTester.csproj", "{4028E5FA-0601-4757-91CD-C6E045DC5A7F}"
EndProject
Project("{FAE04EC0-301F-11D3-BF4B-00C04F79EFBC}") = "CollectingProductionDataSystem.PhdApplication", "CollectingProductionDataSystem.PhdApplication\CollectingProductionDataSystem.PhdApplication.csproj", "{BA08DAD7-81BE-4AEB-8EED-E835721574B5}"
EndProject
Project("{FAE04EC0-301F-11D3-BF4B-00C04F79EFBC}") = "CollectingProductionDataSystem.PrPlMeasureUnitMigration", "CollectingProductionDataSystem.PrPlMeasureUnitMigration\CollectingProductionDataSystem.PrPlMeasureUnitMigration.csproj", "{8E121769-B080-4F4D-836E-BA040C4E81E2}"
EndProject
Project("{2150E333-8FDC-42A3-9474-1A3956D46DE8}") = "Tests", "Tests", "{97E86ECF-14AF-49A9-A493-9D5C70C5FECA}"
EndProject
Project("{FAE04EC0-301F-11D3-BF4B-00C04F79EFBC}") = "CollectingProductionDataSystem.InterfaceDataChecker", "Tests\CollectingProductionDataSystem.InterfaceDataChecker\CollectingProductionDataSystem.InterfaceDataChecker.csproj", "{5AAC5E1A-0EF8-4AF2-901C-03B6B9E7E221}"
EndProject
Project("{FAE04EC0-301F-11D3-BF4B-00C04F79EFBC}") = "CollectingProductionDataSystem.PhdApplication.Tests", "CollectingProductionDataSystem.PhdApplication.Tests\CollectingProductionDataSystem.PhdApplication.Tests.csproj", "{289749CD-DF47-40DB-BF28-9EDA8B2397BD}"
EndProject
Project("{FAE04EC0-301F-11D3-BF4B-00C04F79EFBC}") = "CollectingProductionDataSystem.Phd2SqlProductionData.Tests", "CollectingProductionDataSystem.Phd2SqlProductionData.Tests\CollectingProductionDataSystem.Phd2SqlProductionData.Tests.csproj", "{047D886B-273D-4675-8CE8-8DB90A2A53CC}"
EndProject
Project("{FAE04EC0-301F-11D3-BF4B-00C04F79EFBC}") = "CollectingProductionDataSystem.Extentions", "CollectingProductionDataSystem.Extentions\CollectingProductionDataSystem.Extentions.csproj", "{FEF2234F-7CCA-496A-910B-191506B0AF65}"
EndProject
Global
	GlobalSection(SolutionConfigurationPlatforms) = preSolution
		Debug|Any CPU = Debug|Any CPU
		Debug|x64 = Debug|x64
		Debug|x86 = Debug|x86
		Release|Any CPU = Release|Any CPU
		Release|x64 = Release|x64
		Release|x86 = Release|x86
	EndGlobalSection
	GlobalSection(ProjectConfigurationPlatforms) = postSolution
		{D39275E1-1997-41C3-99CC-FF1B7502E93F}.Debug|Any CPU.ActiveCfg = Debug|Any CPU
		{D39275E1-1997-41C3-99CC-FF1B7502E93F}.Debug|Any CPU.Build.0 = Debug|Any CPU
		{D39275E1-1997-41C3-99CC-FF1B7502E93F}.Debug|x64.ActiveCfg = Debug|Any CPU
		{D39275E1-1997-41C3-99CC-FF1B7502E93F}.Debug|x86.ActiveCfg = Debug|Any CPU
		{D39275E1-1997-41C3-99CC-FF1B7502E93F}.Release|Any CPU.ActiveCfg = Release|Any CPU
		{D39275E1-1997-41C3-99CC-FF1B7502E93F}.Release|Any CPU.Build.0 = Release|Any CPU
		{D39275E1-1997-41C3-99CC-FF1B7502E93F}.Release|x64.ActiveCfg = Release|Any CPU
		{D39275E1-1997-41C3-99CC-FF1B7502E93F}.Release|x64.Build.0 = Release|Any CPU
		{D39275E1-1997-41C3-99CC-FF1B7502E93F}.Release|x86.ActiveCfg = Release|Any CPU
		{69DEBDE6-B1BA-4A55-9570-AE7E6ABB5F98}.Debug|Any CPU.ActiveCfg = Debug|Any CPU
		{69DEBDE6-B1BA-4A55-9570-AE7E6ABB5F98}.Debug|Any CPU.Build.0 = Debug|Any CPU
		{69DEBDE6-B1BA-4A55-9570-AE7E6ABB5F98}.Debug|x64.ActiveCfg = Debug|Any CPU
		{69DEBDE6-B1BA-4A55-9570-AE7E6ABB5F98}.Debug|x86.ActiveCfg = Debug|Any CPU
		{69DEBDE6-B1BA-4A55-9570-AE7E6ABB5F98}.Release|Any CPU.ActiveCfg = Release|Any CPU
		{69DEBDE6-B1BA-4A55-9570-AE7E6ABB5F98}.Release|Any CPU.Build.0 = Release|Any CPU
		{69DEBDE6-B1BA-4A55-9570-AE7E6ABB5F98}.Release|x64.ActiveCfg = Release|Any CPU
		{69DEBDE6-B1BA-4A55-9570-AE7E6ABB5F98}.Release|x64.Build.0 = Release|Any CPU
		{69DEBDE6-B1BA-4A55-9570-AE7E6ABB5F98}.Release|x86.ActiveCfg = Release|Any CPU
		{3A125DE9-28B9-4004-A1D9-BEBDE62AC786}.Debug|Any CPU.ActiveCfg = Debug|Any CPU
		{3A125DE9-28B9-4004-A1D9-BEBDE62AC786}.Debug|Any CPU.Build.0 = Debug|Any CPU
		{3A125DE9-28B9-4004-A1D9-BEBDE62AC786}.Debug|x64.ActiveCfg = Debug|Any CPU
		{3A125DE9-28B9-4004-A1D9-BEBDE62AC786}.Debug|x86.ActiveCfg = Debug|Any CPU
		{3A125DE9-28B9-4004-A1D9-BEBDE62AC786}.Release|Any CPU.ActiveCfg = Release|Any CPU
		{3A125DE9-28B9-4004-A1D9-BEBDE62AC786}.Release|Any CPU.Build.0 = Release|Any CPU
		{3A125DE9-28B9-4004-A1D9-BEBDE62AC786}.Release|x64.ActiveCfg = Release|Any CPU
		{3A125DE9-28B9-4004-A1D9-BEBDE62AC786}.Release|x64.Build.0 = Release|Any CPU
		{3A125DE9-28B9-4004-A1D9-BEBDE62AC786}.Release|x86.ActiveCfg = Release|Any CPU
		{21B90CC4-73CC-4C1A-A2E3-FB6C7278BEB9}.Debug|Any CPU.ActiveCfg = Debug|Any CPU
		{21B90CC4-73CC-4C1A-A2E3-FB6C7278BEB9}.Debug|Any CPU.Build.0 = Debug|Any CPU
		{21B90CC4-73CC-4C1A-A2E3-FB6C7278BEB9}.Debug|x64.ActiveCfg = Debug|Any CPU
		{21B90CC4-73CC-4C1A-A2E3-FB6C7278BEB9}.Debug|x86.ActiveCfg = Debug|Any CPU
		{21B90CC4-73CC-4C1A-A2E3-FB6C7278BEB9}.Release|Any CPU.ActiveCfg = Release|Any CPU
		{21B90CC4-73CC-4C1A-A2E3-FB6C7278BEB9}.Release|Any CPU.Build.0 = Release|Any CPU
		{21B90CC4-73CC-4C1A-A2E3-FB6C7278BEB9}.Release|x64.ActiveCfg = Release|Any CPU
		{21B90CC4-73CC-4C1A-A2E3-FB6C7278BEB9}.Release|x64.Build.0 = Release|Any CPU
		{21B90CC4-73CC-4C1A-A2E3-FB6C7278BEB9}.Release|x86.ActiveCfg = Release|Any CPU
		{59CA4923-FD5F-4087-A7EE-5623F1DD8CA9}.Debug|Any CPU.ActiveCfg = Debug|Any CPU
		{59CA4923-FD5F-4087-A7EE-5623F1DD8CA9}.Debug|Any CPU.Build.0 = Debug|Any CPU
		{59CA4923-FD5F-4087-A7EE-5623F1DD8CA9}.Debug|x64.ActiveCfg = Debug|Any CPU
		{59CA4923-FD5F-4087-A7EE-5623F1DD8CA9}.Debug|x86.ActiveCfg = Debug|Any CPU
		{59CA4923-FD5F-4087-A7EE-5623F1DD8CA9}.Release|Any CPU.ActiveCfg = Release|Any CPU
		{59CA4923-FD5F-4087-A7EE-5623F1DD8CA9}.Release|Any CPU.Build.0 = Release|Any CPU
		{59CA4923-FD5F-4087-A7EE-5623F1DD8CA9}.Release|x64.ActiveCfg = Release|Any CPU
		{59CA4923-FD5F-4087-A7EE-5623F1DD8CA9}.Release|x64.Build.0 = Release|Any CPU
		{59CA4923-FD5F-4087-A7EE-5623F1DD8CA9}.Release|x86.ActiveCfg = Release|Any CPU
		{22A29AA7-68FB-4C1E-BB56-4F030133F008}.Debug|Any CPU.ActiveCfg = Debug|Any CPU
		{22A29AA7-68FB-4C1E-BB56-4F030133F008}.Debug|Any CPU.Build.0 = Debug|Any CPU
		{22A29AA7-68FB-4C1E-BB56-4F030133F008}.Debug|x64.ActiveCfg = Debug|Any CPU
		{22A29AA7-68FB-4C1E-BB56-4F030133F008}.Debug|x86.ActiveCfg = Debug|Any CPU
		{22A29AA7-68FB-4C1E-BB56-4F030133F008}.Release|Any CPU.ActiveCfg = Release|Any CPU
		{22A29AA7-68FB-4C1E-BB56-4F030133F008}.Release|Any CPU.Build.0 = Release|Any CPU
		{22A29AA7-68FB-4C1E-BB56-4F030133F008}.Release|x64.ActiveCfg = Release|Any CPU
		{22A29AA7-68FB-4C1E-BB56-4F030133F008}.Release|x64.Build.0 = Release|Any CPU
		{22A29AA7-68FB-4C1E-BB56-4F030133F008}.Release|x86.ActiveCfg = Release|Any CPU
		{63CC73A0-F2C2-453D-A915-1913095F22FD}.Debug|Any CPU.ActiveCfg = Debug|Any CPU
		{63CC73A0-F2C2-453D-A915-1913095F22FD}.Debug|Any CPU.Build.0 = Debug|Any CPU
		{63CC73A0-F2C2-453D-A915-1913095F22FD}.Debug|x64.ActiveCfg = Debug|Any CPU
		{63CC73A0-F2C2-453D-A915-1913095F22FD}.Debug|x86.ActiveCfg = Debug|Any CPU
		{63CC73A0-F2C2-453D-A915-1913095F22FD}.Release|Any CPU.ActiveCfg = Release|Any CPU
		{63CC73A0-F2C2-453D-A915-1913095F22FD}.Release|Any CPU.Build.0 = Release|Any CPU
		{63CC73A0-F2C2-453D-A915-1913095F22FD}.Release|x64.ActiveCfg = Release|Any CPU
		{63CC73A0-F2C2-453D-A915-1913095F22FD}.Release|x64.Build.0 = Release|Any CPU
		{63CC73A0-F2C2-453D-A915-1913095F22FD}.Release|x86.ActiveCfg = Release|Any CPU
		{662E6167-7EAE-4C38-8825-B2A9091054BB}.Debug|Any CPU.ActiveCfg = Debug|Any CPU
		{662E6167-7EAE-4C38-8825-B2A9091054BB}.Debug|Any CPU.Build.0 = Debug|Any CPU
		{662E6167-7EAE-4C38-8825-B2A9091054BB}.Debug|x64.ActiveCfg = Debug|Any CPU
		{662E6167-7EAE-4C38-8825-B2A9091054BB}.Debug|x86.ActiveCfg = Debug|Any CPU
		{662E6167-7EAE-4C38-8825-B2A9091054BB}.Release|Any CPU.ActiveCfg = Release|Any CPU
		{662E6167-7EAE-4C38-8825-B2A9091054BB}.Release|Any CPU.Build.0 = Release|Any CPU
		{662E6167-7EAE-4C38-8825-B2A9091054BB}.Release|x64.ActiveCfg = Release|Any CPU
		{662E6167-7EAE-4C38-8825-B2A9091054BB}.Release|x64.Build.0 = Release|Any CPU
		{662E6167-7EAE-4C38-8825-B2A9091054BB}.Release|x86.ActiveCfg = Release|Any CPU
		{D75C3866-4ECF-45B8-8DB5-F5DA019A45AB}.Debug|Any CPU.ActiveCfg = Debug|Any CPU
		{D75C3866-4ECF-45B8-8DB5-F5DA019A45AB}.Debug|Any CPU.Build.0 = Debug|Any CPU
		{D75C3866-4ECF-45B8-8DB5-F5DA019A45AB}.Debug|x64.ActiveCfg = Debug|Any CPU
		{D75C3866-4ECF-45B8-8DB5-F5DA019A45AB}.Debug|x86.ActiveCfg = Debug|Any CPU
		{D75C3866-4ECF-45B8-8DB5-F5DA019A45AB}.Release|Any CPU.ActiveCfg = Release|Any CPU
		{D75C3866-4ECF-45B8-8DB5-F5DA019A45AB}.Release|Any CPU.Build.0 = Release|Any CPU
		{D75C3866-4ECF-45B8-8DB5-F5DA019A45AB}.Release|x64.ActiveCfg = Release|Any CPU
		{D75C3866-4ECF-45B8-8DB5-F5DA019A45AB}.Release|x64.Build.0 = Release|Any CPU
		{D75C3866-4ECF-45B8-8DB5-F5DA019A45AB}.Release|x86.ActiveCfg = Release|Any CPU
		{C4EDD3FF-1C12-48F0-B56D-E828FE273B77}.Debug|Any CPU.ActiveCfg = Debug
		{C4EDD3FF-1C12-48F0-B56D-E828FE273B77}.Debug|Any CPU.Build.0 = Debug
		{C4EDD3FF-1C12-48F0-B56D-E828FE273B77}.Debug|x64.ActiveCfg = Debug
		{C4EDD3FF-1C12-48F0-B56D-E828FE273B77}.Debug|x64.Build.0 = Debug
		{C4EDD3FF-1C12-48F0-B56D-E828FE273B77}.Debug|x86.ActiveCfg = Debug
		{C4EDD3FF-1C12-48F0-B56D-E828FE273B77}.Debug|x86.Build.0 = Debug
		{C4EDD3FF-1C12-48F0-B56D-E828FE273B77}.Release|Any CPU.ActiveCfg = Release
		{C4EDD3FF-1C12-48F0-B56D-E828FE273B77}.Release|Any CPU.Build.0 = Release
		{C4EDD3FF-1C12-48F0-B56D-E828FE273B77}.Release|x64.ActiveCfg = Release
		{C4EDD3FF-1C12-48F0-B56D-E828FE273B77}.Release|x64.Build.0 = Release
		{C4EDD3FF-1C12-48F0-B56D-E828FE273B77}.Release|x86.ActiveCfg = Release
		{C4EDD3FF-1C12-48F0-B56D-E828FE273B77}.Release|x86.Build.0 = Release
		{5B247F7F-E5B4-4D0D-8652-8132C4B83C1D}.Debug|Any CPU.ActiveCfg = Debug|Any CPU
		{5B247F7F-E5B4-4D0D-8652-8132C4B83C1D}.Debug|Any CPU.Build.0 = Debug|Any CPU
		{5B247F7F-E5B4-4D0D-8652-8132C4B83C1D}.Debug|x64.ActiveCfg = Debug|Any CPU
		{5B247F7F-E5B4-4D0D-8652-8132C4B83C1D}.Debug|x86.ActiveCfg = Debug|Any CPU
		{5B247F7F-E5B4-4D0D-8652-8132C4B83C1D}.Release|Any CPU.ActiveCfg = Release|Any CPU
		{5B247F7F-E5B4-4D0D-8652-8132C4B83C1D}.Release|Any CPU.Build.0 = Release|Any CPU
		{5B247F7F-E5B4-4D0D-8652-8132C4B83C1D}.Release|x64.ActiveCfg = Release|Any CPU
		{5B247F7F-E5B4-4D0D-8652-8132C4B83C1D}.Release|x64.Build.0 = Release|Any CPU
		{5B247F7F-E5B4-4D0D-8652-8132C4B83C1D}.Release|x86.ActiveCfg = Release|Any CPU
		{F49ABBD3-6F28-48C6-BF11-2852E4E5E9A2}.Debug|Any CPU.ActiveCfg = Debug|Any CPU
		{F49ABBD3-6F28-48C6-BF11-2852E4E5E9A2}.Debug|Any CPU.Build.0 = Debug|Any CPU
		{F49ABBD3-6F28-48C6-BF11-2852E4E5E9A2}.Debug|x64.ActiveCfg = Debug|Any CPU
		{F49ABBD3-6F28-48C6-BF11-2852E4E5E9A2}.Debug|x86.ActiveCfg = Debug|Any CPU
		{F49ABBD3-6F28-48C6-BF11-2852E4E5E9A2}.Release|Any CPU.ActiveCfg = Release|Any CPU
		{F49ABBD3-6F28-48C6-BF11-2852E4E5E9A2}.Release|Any CPU.Build.0 = Release|Any CPU
		{F49ABBD3-6F28-48C6-BF11-2852E4E5E9A2}.Release|x64.ActiveCfg = Release|Any CPU
		{F49ABBD3-6F28-48C6-BF11-2852E4E5E9A2}.Release|x64.Build.0 = Release|Any CPU
		{F49ABBD3-6F28-48C6-BF11-2852E4E5E9A2}.Release|x86.ActiveCfg = Release|Any CPU
		{22CAF7D1-AD04-4204-B7B9-5D7719ED7AF7}.Debug|Any CPU.ActiveCfg = Debug|Any CPU
		{22CAF7D1-AD04-4204-B7B9-5D7719ED7AF7}.Debug|Any CPU.Build.0 = Debug|Any CPU
		{22CAF7D1-AD04-4204-B7B9-5D7719ED7AF7}.Debug|x64.ActiveCfg = Debug|Any CPU
		{22CAF7D1-AD04-4204-B7B9-5D7719ED7AF7}.Debug|x86.ActiveCfg = Debug|Any CPU
		{22CAF7D1-AD04-4204-B7B9-5D7719ED7AF7}.Release|Any CPU.ActiveCfg = Release|Any CPU
		{22CAF7D1-AD04-4204-B7B9-5D7719ED7AF7}.Release|Any CPU.Build.0 = Release|Any CPU
		{22CAF7D1-AD04-4204-B7B9-5D7719ED7AF7}.Release|x64.ActiveCfg = Release|Any CPU
		{22CAF7D1-AD04-4204-B7B9-5D7719ED7AF7}.Release|x64.Build.0 = Release|Any CPU
		{22CAF7D1-AD04-4204-B7B9-5D7719ED7AF7}.Release|x86.ActiveCfg = Release|Any CPU
		{34672323-163B-48F2-9425-B4B55B33D144}.Debug|Any CPU.ActiveCfg = Debug|Any CPU
		{34672323-163B-48F2-9425-B4B55B33D144}.Debug|Any CPU.Build.0 = Debug|Any CPU
		{34672323-163B-48F2-9425-B4B55B33D144}.Debug|x64.ActiveCfg = Debug|Any CPU
		{34672323-163B-48F2-9425-B4B55B33D144}.Debug|x86.ActiveCfg = Debug|Any CPU
		{34672323-163B-48F2-9425-B4B55B33D144}.Release|Any CPU.ActiveCfg = Release|Any CPU
		{34672323-163B-48F2-9425-B4B55B33D144}.Release|Any CPU.Build.0 = Release|Any CPU
		{34672323-163B-48F2-9425-B4B55B33D144}.Release|x64.ActiveCfg = Release|Any CPU
		{34672323-163B-48F2-9425-B4B55B33D144}.Release|x64.Build.0 = Release|Any CPU
		{34672323-163B-48F2-9425-B4B55B33D144}.Release|x86.ActiveCfg = Release|Any CPU
		{A3FAF9D3-62E5-4BA1-8125-74FD8259BDA9}.Debug|Any CPU.ActiveCfg = Debug|Any CPU
		{A3FAF9D3-62E5-4BA1-8125-74FD8259BDA9}.Debug|Any CPU.Build.0 = Debug|Any CPU
		{A3FAF9D3-62E5-4BA1-8125-74FD8259BDA9}.Debug|x64.ActiveCfg = Debug|Any CPU
		{A3FAF9D3-62E5-4BA1-8125-74FD8259BDA9}.Debug|x86.ActiveCfg = Debug|Any CPU
		{A3FAF9D3-62E5-4BA1-8125-74FD8259BDA9}.Release|Any CPU.ActiveCfg = Release|Any CPU
		{A3FAF9D3-62E5-4BA1-8125-74FD8259BDA9}.Release|Any CPU.Build.0 = Release|Any CPU
		{A3FAF9D3-62E5-4BA1-8125-74FD8259BDA9}.Release|x64.ActiveCfg = Release|Any CPU
		{A3FAF9D3-62E5-4BA1-8125-74FD8259BDA9}.Release|x64.Build.0 = Release|Any CPU
		{A3FAF9D3-62E5-4BA1-8125-74FD8259BDA9}.Release|x86.ActiveCfg = Release|Any CPU
		{0E37C443-88FA-4BC2-AF40-9A4EFADAAF82}.Debug|Any CPU.ActiveCfg = Debug|Any CPU
		{0E37C443-88FA-4BC2-AF40-9A4EFADAAF82}.Debug|Any CPU.Build.0 = Debug|Any CPU
		{0E37C443-88FA-4BC2-AF40-9A4EFADAAF82}.Debug|x64.ActiveCfg = Debug|Any CPU
		{0E37C443-88FA-4BC2-AF40-9A4EFADAAF82}.Debug|x86.ActiveCfg = Debug|Any CPU
		{0E37C443-88FA-4BC2-AF40-9A4EFADAAF82}.Release|Any CPU.ActiveCfg = Release|Any CPU
		{0E37C443-88FA-4BC2-AF40-9A4EFADAAF82}.Release|Any CPU.Build.0 = Release|Any CPU
		{0E37C443-88FA-4BC2-AF40-9A4EFADAAF82}.Release|x64.ActiveCfg = Release|Any CPU
		{0E37C443-88FA-4BC2-AF40-9A4EFADAAF82}.Release|x64.Build.0 = Release|Any CPU
		{0E37C443-88FA-4BC2-AF40-9A4EFADAAF82}.Release|x86.ActiveCfg = Release|Any CPU
		{5CB94FCF-2E20-4146-B28A-B1AE032C177D}.Debug|Any CPU.ActiveCfg = Debug|Any CPU
		{5CB94FCF-2E20-4146-B28A-B1AE032C177D}.Debug|Any CPU.Build.0 = Debug|Any CPU
		{5CB94FCF-2E20-4146-B28A-B1AE032C177D}.Debug|x64.ActiveCfg = Debug|Any CPU
		{5CB94FCF-2E20-4146-B28A-B1AE032C177D}.Debug|x86.ActiveCfg = Debug|Any CPU
		{5CB94FCF-2E20-4146-B28A-B1AE032C177D}.Release|Any CPU.ActiveCfg = Release|Any CPU
		{5CB94FCF-2E20-4146-B28A-B1AE032C177D}.Release|Any CPU.Build.0 = Release|Any CPU
		{5CB94FCF-2E20-4146-B28A-B1AE032C177D}.Release|x64.ActiveCfg = Release|Any CPU
		{5CB94FCF-2E20-4146-B28A-B1AE032C177D}.Release|x64.Build.0 = Release|Any CPU
		{5CB94FCF-2E20-4146-B28A-B1AE032C177D}.Release|x86.ActiveCfg = Release|Any CPU
		{E567F2E2-358E-4251-B3DE-657D7F6F23AE}.Debug|Any CPU.ActiveCfg = Debug
		{E567F2E2-358E-4251-B3DE-657D7F6F23AE}.Debug|Any CPU.Build.0 = Debug
		{E567F2E2-358E-4251-B3DE-657D7F6F23AE}.Debug|x64.ActiveCfg = Debug
		{E567F2E2-358E-4251-B3DE-657D7F6F23AE}.Debug|x86.ActiveCfg = Debug
		{E567F2E2-358E-4251-B3DE-657D7F6F23AE}.Release|Any CPU.ActiveCfg = Release
		{E567F2E2-358E-4251-B3DE-657D7F6F23AE}.Release|Any CPU.Build.0 = Release
		{E567F2E2-358E-4251-B3DE-657D7F6F23AE}.Release|x64.ActiveCfg = Release
		{E567F2E2-358E-4251-B3DE-657D7F6F23AE}.Release|x64.Build.0 = Release
		{E567F2E2-358E-4251-B3DE-657D7F6F23AE}.Release|x86.ActiveCfg = Release
		{4028E5FA-0601-4757-91CD-C6E045DC5A7F}.Debug|Any CPU.ActiveCfg = Debug|Any CPU
		{4028E5FA-0601-4757-91CD-C6E045DC5A7F}.Debug|Any CPU.Build.0 = Debug|Any CPU
		{4028E5FA-0601-4757-91CD-C6E045DC5A7F}.Debug|x64.ActiveCfg = Debug|Any CPU
		{4028E5FA-0601-4757-91CD-C6E045DC5A7F}.Debug|x86.ActiveCfg = Debug|Any CPU
		{4028E5FA-0601-4757-91CD-C6E045DC5A7F}.Release|Any CPU.ActiveCfg = Release|Any CPU
		{4028E5FA-0601-4757-91CD-C6E045DC5A7F}.Release|Any CPU.Build.0 = Release|Any CPU
		{4028E5FA-0601-4757-91CD-C6E045DC5A7F}.Release|x64.ActiveCfg = Release|Any CPU
		{4028E5FA-0601-4757-91CD-C6E045DC5A7F}.Release|x64.Build.0 = Release|Any CPU
		{4028E5FA-0601-4757-91CD-C6E045DC5A7F}.Release|x86.ActiveCfg = Release|Any CPU
		{BA08DAD7-81BE-4AEB-8EED-E835721574B5}.Debug|Any CPU.ActiveCfg = Debug|Any CPU
		{BA08DAD7-81BE-4AEB-8EED-E835721574B5}.Debug|Any CPU.Build.0 = Debug|Any CPU
		{BA08DAD7-81BE-4AEB-8EED-E835721574B5}.Debug|x64.ActiveCfg = Debug|Any CPU
		{BA08DAD7-81BE-4AEB-8EED-E835721574B5}.Debug|x86.ActiveCfg = Debug|Any CPU
		{BA08DAD7-81BE-4AEB-8EED-E835721574B5}.Release|Any CPU.ActiveCfg = Release|Any CPU
		{BA08DAD7-81BE-4AEB-8EED-E835721574B5}.Release|Any CPU.Build.0 = Release|Any CPU
		{BA08DAD7-81BE-4AEB-8EED-E835721574B5}.Release|x64.ActiveCfg = Release|Any CPU
		{BA08DAD7-81BE-4AEB-8EED-E835721574B5}.Release|x64.Build.0 = Release|Any CPU
		{BA08DAD7-81BE-4AEB-8EED-E835721574B5}.Release|x64.Deploy.0 = Release|Any CPU
		{BA08DAD7-81BE-4AEB-8EED-E835721574B5}.Release|x86.ActiveCfg = Release|Any CPU
		{8E121769-B080-4F4D-836E-BA040C4E81E2}.Debug|Any CPU.ActiveCfg = Debug|Any CPU
		{8E121769-B080-4F4D-836E-BA040C4E81E2}.Debug|Any CPU.Build.0 = Debug|Any CPU
		{8E121769-B080-4F4D-836E-BA040C4E81E2}.Debug|x64.ActiveCfg = Debug|Any CPU
		{8E121769-B080-4F4D-836E-BA040C4E81E2}.Debug|x86.ActiveCfg = Debug|Any CPU
		{8E121769-B080-4F4D-836E-BA040C4E81E2}.Release|Any CPU.ActiveCfg = Release|Any CPU
		{8E121769-B080-4F4D-836E-BA040C4E81E2}.Release|Any CPU.Build.0 = Release|Any CPU
		{8E121769-B080-4F4D-836E-BA040C4E81E2}.Release|x64.ActiveCfg = Release|Any CPU
		{8E121769-B080-4F4D-836E-BA040C4E81E2}.Release|x64.Build.0 = Release|Any CPU
		{8E121769-B080-4F4D-836E-BA040C4E81E2}.Release|x86.ActiveCfg = Release|Any CPU
		{5AAC5E1A-0EF8-4AF2-901C-03B6B9E7E221}.Debug|Any CPU.ActiveCfg = Debug|Any CPU
		{5AAC5E1A-0EF8-4AF2-901C-03B6B9E7E221}.Debug|Any CPU.Build.0 = Debug|Any CPU
		{5AAC5E1A-0EF8-4AF2-901C-03B6B9E7E221}.Debug|x64.ActiveCfg = Debug|Any CPU
		{5AAC5E1A-0EF8-4AF2-901C-03B6B9E7E221}.Debug|x86.ActiveCfg = Debug|Any CPU
		{5AAC5E1A-0EF8-4AF2-901C-03B6B9E7E221}.Release|Any CPU.ActiveCfg = Release|Any CPU
		{5AAC5E1A-0EF8-4AF2-901C-03B6B9E7E221}.Release|Any CPU.Build.0 = Release|Any CPU
		{5AAC5E1A-0EF8-4AF2-901C-03B6B9E7E221}.Release|x64.ActiveCfg = Release|Any CPU
		{5AAC5E1A-0EF8-4AF2-901C-03B6B9E7E221}.Release|x64.Build.0 = Release|Any CPU
		{5AAC5E1A-0EF8-4AF2-901C-03B6B9E7E221}.Release|x86.ActiveCfg = Release|Any CPU
		{289749CD-DF47-40DB-BF28-9EDA8B2397BD}.Debug|Any CPU.ActiveCfg = Debug|Any CPU
		{289749CD-DF47-40DB-BF28-9EDA8B2397BD}.Debug|Any CPU.Build.0 = Debug|Any CPU
		{289749CD-DF47-40DB-BF28-9EDA8B2397BD}.Debug|x64.ActiveCfg = Debug|Any CPU
		{289749CD-DF47-40DB-BF28-9EDA8B2397BD}.Debug|x86.ActiveCfg = Debug|Any CPU
		{289749CD-DF47-40DB-BF28-9EDA8B2397BD}.Release|Any CPU.ActiveCfg = Release|Any CPU
		{289749CD-DF47-40DB-BF28-9EDA8B2397BD}.Release|Any CPU.Build.0 = Release|Any CPU
		{289749CD-DF47-40DB-BF28-9EDA8B2397BD}.Release|x64.ActiveCfg = Release|Any CPU
		{289749CD-DF47-40DB-BF28-9EDA8B2397BD}.Release|x64.Build.0 = Release|Any CPU
		{289749CD-DF47-40DB-BF28-9EDA8B2397BD}.Release|x86.ActiveCfg = Release|Any CPU
		{047D886B-273D-4675-8CE8-8DB90A2A53CC}.Debug|Any CPU.ActiveCfg = Debug|Any CPU
		{047D886B-273D-4675-8CE8-8DB90A2A53CC}.Debug|Any CPU.Build.0 = Debug|Any CPU
		{047D886B-273D-4675-8CE8-8DB90A2A53CC}.Debug|x64.ActiveCfg = Debug|Any CPU
		{047D886B-273D-4675-8CE8-8DB90A2A53CC}.Debug|x86.ActiveCfg = Debug|Any CPU
		{047D886B-273D-4675-8CE8-8DB90A2A53CC}.Release|Any CPU.ActiveCfg = Release|Any CPU
		{047D886B-273D-4675-8CE8-8DB90A2A53CC}.Release|Any CPU.Build.0 = Release|Any CPU
		{047D886B-273D-4675-8CE8-8DB90A2A53CC}.Release|x64.ActiveCfg = Release|Any CPU
		{047D886B-273D-4675-8CE8-8DB90A2A53CC}.Release|x64.Build.0 = Release|Any CPU
		{047D886B-273D-4675-8CE8-8DB90A2A53CC}.Release|x86.ActiveCfg = Release|Any CPU
		{FEF2234F-7CCA-496A-910B-191506B0AF65}.Debug|Any CPU.ActiveCfg = Debug|Any CPU
		{FEF2234F-7CCA-496A-910B-191506B0AF65}.Debug|Any CPU.Build.0 = Debug|Any CPU
		{FEF2234F-7CCA-496A-910B-191506B0AF65}.Debug|x64.ActiveCfg = Debug|Any CPU
		{FEF2234F-7CCA-496A-910B-191506B0AF65}.Debug|x86.ActiveCfg = Debug|Any CPU
		{FEF2234F-7CCA-496A-910B-191506B0AF65}.Release|Any CPU.ActiveCfg = Release|Any CPU
		{FEF2234F-7CCA-496A-910B-191506B0AF65}.Release|Any CPU.Build.0 = Release|Any CPU
		{FEF2234F-7CCA-496A-910B-191506B0AF65}.Release|x64.ActiveCfg = Release|Any CPU
		{FEF2234F-7CCA-496A-910B-191506B0AF65}.Release|x86.ActiveCfg = Release|Any CPU
	EndGlobalSection
	GlobalSection(SolutionProperties) = preSolution
		HideSolutionNode = FALSE
	EndGlobalSection
	GlobalSection(NestedProjects) = preSolution
		{9D1D8F40-FA10-4DB6-9D9A-FB1719F283B3} = {531AE365-A584-4724-94B8-926C7BA3189A}
		{4FDDB73E-113D-4F91-8F87-F8BB5FC92115} = {531AE365-A584-4724-94B8-926C7BA3189A}
		{D39275E1-1997-41C3-99CC-FF1B7502E93F} = {FB80A9DF-FEA9-4BF6-9B55-8FBF333CCA49}
		{69DEBDE6-B1BA-4A55-9570-AE7E6ABB5F98} = {F7B47FB6-5A71-4C77-B1E0-EE1CD8005EFF}
		{3A125DE9-28B9-4004-A1D9-BEBDE62AC786} = {1BA91924-D5E6-467D-8DB6-584D54F00F4F}
		{21B90CC4-73CC-4C1A-A2E3-FB6C7278BEB9} = {F7B47FB6-5A71-4C77-B1E0-EE1CD8005EFF}
		{59CA4923-FD5F-4087-A7EE-5623F1DD8CA9} = {9C29295F-67AC-48AB-9425-A164A548A4CE}
		{22A29AA7-68FB-4C1E-BB56-4F030133F008} = {9C29295F-67AC-48AB-9425-A164A548A4CE}
		{63CC73A0-F2C2-453D-A915-1913095F22FD} = {3CC215AD-EE55-47C7-A43C-992B3F0C84A8}
		{662E6167-7EAE-4C38-8825-B2A9091054BB} = {3CC215AD-EE55-47C7-A43C-992B3F0C84A8}
		{D75C3866-4ECF-45B8-8DB5-F5DA019A45AB} = {43D6A01F-7526-42F9-A34E-D060EAB9CBDB}
		{C4EDD3FF-1C12-48F0-B56D-E828FE273B77} = {43D6A01F-7526-42F9-A34E-D060EAB9CBDB}
		{5B247F7F-E5B4-4D0D-8652-8132C4B83C1D} = {14C4B4E0-9FEB-41DA-A347-43D99AB407BD}
		{F49ABBD3-6F28-48C6-BF11-2852E4E5E9A2} = {3CC215AD-EE55-47C7-A43C-992B3F0C84A8}
		{22CAF7D1-AD04-4204-B7B9-5D7719ED7AF7} = {14C4B4E0-9FEB-41DA-A347-43D99AB407BD}
		{34672323-163B-48F2-9425-B4B55B33D144} = {1BA91924-D5E6-467D-8DB6-584D54F00F4F}
		{A3FAF9D3-62E5-4BA1-8125-74FD8259BDA9} = {1BA91924-D5E6-467D-8DB6-584D54F00F4F}
		{0E37C443-88FA-4BC2-AF40-9A4EFADAAF82} = {1BA91924-D5E6-467D-8DB6-584D54F00F4F}
		{5CB94FCF-2E20-4146-B28A-B1AE032C177D} = {43D6A01F-7526-42F9-A34E-D060EAB9CBDB}
		{E567F2E2-358E-4251-B3DE-657D7F6F23AE} = {43D6A01F-7526-42F9-A34E-D060EAB9CBDB}
		{4028E5FA-0601-4757-91CD-C6E045DC5A7F} = {1BA91924-D5E6-467D-8DB6-584D54F00F4F}
		{BA08DAD7-81BE-4AEB-8EED-E835721574B5} = {1BA91924-D5E6-467D-8DB6-584D54F00F4F}
		{8E121769-B080-4F4D-836E-BA040C4E81E2} = {1BA91924-D5E6-467D-8DB6-584D54F00F4F}
		{5AAC5E1A-0EF8-4AF2-901C-03B6B9E7E221} = {97E86ECF-14AF-49A9-A493-9D5C70C5FECA}
		{289749CD-DF47-40DB-BF28-9EDA8B2397BD} = {1BA91924-D5E6-467D-8DB6-584D54F00F4F}
		{047D886B-273D-4675-8CE8-8DB90A2A53CC} = {43D6A01F-7526-42F9-A34E-D060EAB9CBDB}
		{FEF2234F-7CCA-496A-910B-191506B0AF65} = {1BA91924-D5E6-467D-8DB6-584D54F00F4F}
	EndGlobalSection
EndGlobal
